{
    "_meta": {
        "hash": {
            "sha256": "1181d7f4800eb97efe11e1ceab05cdcb8de5e8bb50b04d526574fa6269208503"
        },
        "pipfile-spec": 6,
        "requires": {
            "python_version": "3.7"
        },
        "sources": [
            {
                "name": "pypi",
                "url": "https://pypi.org/simple",
                "verify_ssl": true
            }
        ]
    },
    "default": {
        "delegator-py": {
            "hashes": [
                "sha256:814657d96b98a244c479e3d5f6e9e850ac333e85f807d6bc846e72bbb2537806"
            ],
            "index": "pypi",
            "version": "==0.1.1"
        },
        "pexpect": {
            "hashes": [
                "sha256:0b48a55dcb3c05f3329815901ea4fc1537514d6ba867a152b581d69ae3710937",
                "sha256:fc65a43959d153d0114afe13997d439c22823a27cefceb5ff35c2178c6784c0c"
            ],
            "version": "==4.8.0"
        },
        "ptyprocess": {
            "hashes": [
                "sha256:4b41f3967fce3af57cc7e94b888626c18bf37a083e3651ca8feeb66d492fef35",
                "sha256:5c5d0a3b48ceee0b48485e0c26037c0acd7d29765ca3fbb5cb3831d347423220"
            ],
            "version": "==0.7.0"
        }
    },
    "develop": {
        "appdirs": {
            "hashes": [
                "sha256:7d5d0167b2b1ba821647616af46a749d1c653740dd0d2415100fe26e27afdf41",
                "sha256:a841dacd6b99318a741b166adb07e19ee71a274450e68237b4650ca1055ab128"
            ],
            "version": "==1.4.4"
        },
        "atomicwrites": {
            "hashes": [
                "sha256:6d1784dea7c0c8d4a5172b6c620f40b6e4cbfdf96d783691f2e1302a7b88e197",
                "sha256:ae70396ad1a434f9c7046fd2dd196fc04b12f9e91ffb859164193be8b6168a7a"
            ],
            "version": "==1.4.0"
        },
        "attrs": {
            "hashes": [
                "sha256:31b2eced602aa8423c2aea9c76a724617ed67cf9513173fd3a4f03e3a929c7e6",
                "sha256:832aa3cde19744e49938b91fea06d69ecb9e649c93ba974535d08ad92164f700"
            ],
            "version": "==20.3.0"
        },
        "black": {
            "hashes": [
                "sha256:09a9dcb7c46ed496a9850b76e4e825d6049ecd38b611f1224857a79bd985a8cf",
                "sha256:68950ffd4d9169716bcb8719a56c07a2f4485354fec061cdd5910aa07369731c"
            ],
            "index": "pypi",
            "version": "==19.3b0"
        },
        "bleach": {
            "hashes": [
                "sha256:6123ddc1052673e52bab52cdc955bcb57a015264a1c57d37bea2f6b817af0125",
                "sha256:98b3170739e5e83dd9dc19633f074727ad848cbedb6026708c8ac2d3b697a433"
            ],
            "version": "==3.3.0"
        },
        "certifi": {
            "hashes": [
                "sha256:1a4995114262bffbc2413b159f2a1a480c969de6e6eb13ee966d470af86af59c",
                "sha256:719a74fb9e33b9bd44cc7f3a8d94bc35e4049deebe19ba7d8e108280cfd59830"
            ],
            "version": "==2020.12.5"
        },
        "chardet": {
            "hashes": [
                "sha256:0d6f53a15db4120f2b08c94f11e7d93d2c911ee118b6b30a04ec3ee8310179fa",
                "sha256:f864054d66fd9118f2e67044ac8981a54775ec5b67aed0441892edb553d21da5"
            ],
            "version": "==4.0.0"
        },
        "click": {
            "hashes": [
                "sha256:06b3a46da3b40f4bbe19b8ea5ba9a34e7925913a9b51608ff0c1d78ef0b814b4",
                "sha256:7340a8666a3e2eff5f2ee778c2d06b606ce9891a61b2ee315e0a3994ffd2226a"
            ],
            "version": "==8.0.0rc1"
        },
        "docutils": {
            "hashes": [
                "sha256:686577d2e4c32380bb50cbb22f575ed742d58168cee37e99117a854bcd88f125",
                "sha256:cf316c8370a737a022b72b56874f6602acf974a37a9fba42ec2876387549fc61"
            ],
            "version": "==0.17.1"
        },
        "idna": {
            "hashes": [
                "sha256:b307872f855b18632ce0c21c5e45be78c0ea7ae4c15c828c20788b26921eb3f6",
                "sha256:b97d804b1e9b523befed77c48dacec60e6dcb0b5391d57af6a65a312a90648c0"
            ],
            "version": "==2.10"
        },
        "importlib-metadata": {
            "hashes": [
                "sha256:19192b88d959336bfa6bdaaaef99aeafec179eca19c47c804e555703ee5f07ef",
                "sha256:2e881981c9748d7282b374b68e759c87745c25427b67ecf0cc67fb6637a1bff9"
            ],
            "markers": "python_version < '3.8'",
            "version": "==4.0.0"
        },
        "more-itertools": {
            "hashes": [
                "sha256:5652a9ac72209ed7df8d9c15daf4e1aa0e3d2ccd3c87f8265a0673cd9cbc9ced",
                "sha256:c5d6da9ca3ff65220c3bfd2a8db06d698f05d4d2b9be57e1deb2be5a45019713"
            ],
            "markers": "python_version > '2.7'",
            "version": "==8.7.0"
        },
        "packaging": {
            "hashes": [
                "sha256:5b327ac1320dc863dca72f4514ecc086f31186744b84a230374cc1fd776feae5",
                "sha256:67714da7f7bc052e064859c05c595155bd1ee9f69f76557e21f051443c20947a"
            ],
            "version": "==20.9"
        },
        "pkginfo": {
            "hashes": [
                "sha256:029a70cb45c6171c329dfc890cde0879f8c52d6f3922794796e06f577bb03db4",
                "sha256:9fdbea6495622e022cc72c2e5e1b735218e4ffb2a2a69cde2694a6c1f16afb75"
            ],
            "version": "==1.7.0"
        },
        "pluggy": {
            "hashes": [
                "sha256:265a94bf44ca13662f12fcd1b074c14d4b269a712f051b6f644ef7e705d6735f",
                "sha256:467f0219e89bb5061a8429c6fc5cf055fa3983a0e68e84a1d205046306b37d9e"
            ],
            "version": "==1.0.0.dev0"
        },
        "py": {
            "hashes": [
                "sha256:21b81bda15b66ef5e1a777a21c4dcd9c20ad3efd0b3f817e7a809035269e1bd3",
                "sha256:3b80836aa6d1feeaa108e046da6423ab8f6ceda6468545ae8d02d9d58d18818a"
            ],
            "index": "pypi",
            "version": "==1.10.0"
        },
        "pygments": {
            "hashes": [
                "sha256:2656e1a6edcdabf4275f9a3640db59fd5de107d88e8663c5d4e9a0fa62f77f94",
                "sha256:534ef71d539ae97d4c3a4cf7d6f110f214b0e687e92f9cb9d2a3b0d3101289c8"
            ],
            "version": "==2.8.1"
        },
        "pyparsing": {
            "hashes": [
                "sha256:1c6409312ce2ce2997896af5756753778d5f1603666dba5587804f09ad82ed27",
                "sha256:f4896b4cc085a1f8f8ae53a1a90db5a86b3825ff73eb974dffee3d9e701007f4"
            ],
            "version": "==3.0.0b2"
        },
        "pytest": {
            "hashes": [
                "sha256:3773f4c235918987d51daf1db66d51c99fac654c81d6f2f709a046ab446d5e5d",
                "sha256:b7802283b70ca24d7119b32915efa7c409982f59913c1a6c0640aacf118b95f5"
            ],
            "index": "pypi",
            "version": "==4.4.1"
        },
        "readme-renderer": {
            "hashes": [
                "sha256:63b4075c6698fcfa78e584930f07f39e05d46f3ec97f65006e430b595ca6348c",
                "sha256:92fd5ac2bf8677f310f3303aa4bce5b9d5f9f2094ab98c29f13791d7b805a3db"
            ],
            "version": "==29.0"
        },
        "requests": {
            "hashes": [
                "sha256:27973dd4a904a4f13b263a19c866c13b92a39ed1c964655f025f3f8d3d75b804",
                "sha256:c210084e36a42ae6b9219e00e48287def368a26d03a048ddad7bfee44f75871e"
            ],
            "version": "==2.25.1"
        },
        "requests-toolbelt": {
            "hashes": [
                "sha256:380606e1d10dc85c3bd47bf5a6095f815ec007be7a8b69c878507068df059e6f",
                "sha256:968089d4584ad4ad7c171454f0a5c6dac23971e9472521ea3b6d49d610aa6fc0"
            ],
            "version": "==0.9.1"
        },
        "six": {
            "hashes": [
                "sha256:30639c035cdb23534cd4aa2dd52c3bf48f06e5f4a941509c8bafd8ce11080259",
                "sha256:8b74bedcbbbaca38ff6d7491d76f2b06b3592611af620f8426e82dddb04a5ced"
            ],
            "version": "==1.15.0"
        },
        "toml": {
            "hashes": [
                "sha256:806143ae5bfb6a3c6e736a764057db0e6a0e05e338b5630894a5f779cabb4f9b",
                "sha256:b3bda1d108d5dd99f4a20d24d9c348e91c4db7ab1b749200bded2f839ccbe68f"
            ],
            "version": "==0.10.2"
        },
        "tqdm": {
            "hashes": [
                "sha256:daec693491c52e9498632dfbe9ccfc4882a557f5fa08982db1b4d3adbe0887c3",
                "sha256:ebdebdb95e3477ceea267decfc0784859aa3df3e27e22d23b83e9b272bf157ae"
            ],
            "version": "==4.60.0"
        },
        "twine": {
            "hashes": [
                "sha256:0fb0bfa3df4f62076cab5def36b1a71a2e4acb4d1fa5c97475b048117b1a6446",
                "sha256:d6c29c933ecfc74e9b1d9fa13aa1f87c5d5770e119f5a4ce032092f0ff5b14dc"
            ],
            "index": "pypi",
            "version": "==1.13.0"
        },
        "typing-extensions": {
            "hashes": [
                "sha256:7cb407020f00f7bfc3cb3e7881628838e69d8f3fcab2f64742a5e76b2f841918",
                "sha256:99d4073b617d30288f569d3f13d2bd7548c3a7e4c8de87db09a9d29bb3a4a60c",
                "sha256:dafc7639cde7f1b6e1acc0f457842a83e722ccca8eef5270af2d74792619a89f"
            ],
            "markers": "python_version < '3.8'",
            "version": "==3.7.4.3"
        },
        "urllib3": {
            "hashes": [
                "sha256:2f4da4594db7e1e110a944bb1b551fdf4e6c136ad42e4234131391e21eb5b0df",
                "sha256:e7b021f7241115872f92f43c6508082facffbd1c048e3c6e2bb9c2a157e28937"
            ],
            "version": "==1.26.4"
        },
        "webencodings": {
            "hashes": [
                "sha256:a0af1213f3c2226497a97e2b3aa01a7e4bee4f403f95be16fc9acd2947514a78",
                "sha256:b36a1c245f2d304965eb4e0a82848379241dc04b865afcc4aab16748587e1923"
            ],
            "version": "==0.5.1"
        },
        "zipp": {
            "hashes": [
                "sha256:3607921face881ba3e026887d8150cca609d517579abe052ac81fc5aeffdbd76",
                "sha256:51cb66cc54621609dd593d1787f286ee42a5c0adbb4b29abea5a63edc3e03098"
            ],
            "version": "==3.4.1"
        }
    }
}
